
Microsoft Visual Studio Solution File, Format Version 12.00
# Visual Studio Version 17
VisualStudioVersion = 17.4.33110.190
MinimumVisualStudioVersion = 10.0.40219.1
Project("{FAE04EC0-301F-11D3-BF4B-00C04F79EFBC}") = "HotelListing.API", "HotelListing.API\HotelListing.API.csproj", "{A8E11CA6-1762-4896-86F8-C06448D0403B}"
EndProject
Global
	GlobalSection(SolutionConfigurationPlatforms) = preSolution
		Debug|Any CPU = Debug|Any CPU
		Release|Any CPU = Release|Any CPU
	EndGlobalSection
	GlobalSection(ProjectConfigurationPlatforms) = postSolution
		{A8E11CA6-1762-4896-86F8-C06448D0403B}.Debug|Any CPU.ActiveCfg = Debug|Any CPU
		{A8E11CA6-1762-4896-86F8-C06448D0403B}.Debug|Any CPU.Build.0 = Debug|Any CPU
		{A8E11CA6-1762-4896-86F8-C06448D0403B}.Release|Any CPU.ActiveCfg = Release|Any CPU
		{A8E11CA6-1762-4896-86F8-C06448D0403B}.Release|Any CPU.Build.0 = Release|Any CPU
	EndGlobalSection
	GlobalSection(SolutionProperties) = preSolution
		HideSolutionNode = FALSE
	EndGlobalSection
	GlobalSection(ExtensibilityGlobals) = postSolution
		SolutionGuid = {92A66AF0-D532-4DDF-970D-38D9B10241A7}
	EndGlobalSection
EndGlobal
